
Microsoft Visual Studio Solution File, Format Version 12.00
# Visual Studio Version 17
VisualStudioVersion = 17.9.34607.119
MinimumVisualStudioVersion = 10.0.40219.1
Project("{8BC9CEB8-8B4A-11D0-8D11-00A0C91BC942}") = "MachineLearningC++", "MachineLearningC++\MachineLearningC++.vcxproj", "{3B194636-E928-4A4E-B2C4-E3052ACB0B36}"
EndProject
Project("{8BC9CEB8-8B4A-11D0-8D11-00A0C91BC942}") = "Matrix", "Matrix\Matrix.vcxproj", "{5479A9EA-56DD-474B-A1DE-E9C55E336233}"
EndProject
Project("{8BC9CEB8-8B4A-11D0-8D11-00A0C91BC942}") = "MatrixUnitTests", "MatrixUnitTests\MatrixUnitTests.vcxproj", "{33A98C4F-675A-4DDA-8512-F8D41020BE10}"
EndProject
Project("{8BC9CEB8-8B4A-11D0-8D11-00A0C91BC942}") = "NeuralNetwork", "NeuralNetwork\NeuralNetwork.vcxproj", "{96532A78-D713-44EA-B85B-13319D7C748F}"
EndProject
Project("{8BC9CEB8-8B4A-11D0-8D11-00A0C91BC942}") = "MandlebrotNetwork", "MandlebrotNetwork\MandlebrotNetwork.vcxproj", "{0E06E5BB-6514-45DF-93EB-6E69A7A542C8}"
EndProject
Project("{8BC9CEB8-8B4A-11D0-8D11-00A0C91BC942}") = "Mandlebrot", "Mandlebrot\Mandlebrot.vcxproj", "{AFD9F24A-C8B8-4C1E-B5A9-DE93B26DCDCB}"
EndProject
Project("{8BC9CEB8-8B4A-11D0-8D11-00A0C91BC942}") = "MNIST", "MNIST\MNIST.vcxproj", "{7FBAEBA5-961B-4469-B89C-7EF650403C21}"
EndProject
Project("{8BC9CEB8-8B4A-11D0-8D11-00A0C91BC942}") = "MNISTNetwork", "MNISTNetwork\MNISTNetwork.vcxproj", "{D3EB575E-E5B9-4628-9FCA-3CAA187F538B}"
EndProject
Project("{8BC9CEB8-8B4A-11D0-8D11-00A0C91BC942}") = "Snake", "Snake\Snake.vcxproj", "{18182A69-FC68-415D-A7DD-7B8932F39BB4}"
EndProject
Project("{8BC9CEB8-8B4A-11D0-8D11-00A0C91BC942}") = "SnakeNetwork", "SnakeNetwork\SnakeNetwork.vcxproj", "{9277E1ED-CE7E-43E7-B3F6-6A6B545E96BD}"
EndProject
Project("{8BC9CEB8-8B4A-11D0-8D11-00A0C91BC942}") = "NeuralNetwork_2", "NeuralNetwork_2\NeuralNetwork_2.vcxproj", "{D48795A9-6196-4231-9A04-797AEB2AA172}"
EndProject
Project("{8BC9CEB8-8B4A-11D0-8D11-00A0C91BC942}") = "MNIST_SBNeuralNetwork", "MNIST_SBNeuralNetwork\MNIST_SBNeuralNetwork.vcxproj", "{E65543DC-1190-4A7D-B67F-1CCAAA7340F1}"
EndProject
Project("{8BC9CEB8-8B4A-11D0-8D11-00A0C91BC942}") = "SingleBlockNeuralNetwork", "SingleBlockNeuralNetwork\SingleBlockNeuralNetwork.vcxproj", "{C226F974-5CCD-4CD9-BA26-44DE4EAC99A1}"
EndProject
Project("{8BC9CEB8-8B4A-11D0-8D11-00A0C91BC942}") = "SBNN_Tests", "SBNN_Tests\SBNN_Tests.vcxproj", "{DE4C1B62-B58B-45FF-836B-3D7E3D014F82}"
EndProject
Project("{8BC9CEB8-8B4A-11D0-8D11-00A0C91BC942}") = "SingleBlockCudaNetwork", "SingleBlockCudaNetwork\SingleBlockCudaNetwork.vcxproj", "{05EA3DB7-B79B-4D29-BE16-8DEA4A1077CB}"
EndProject
Project("{8BC9CEB8-8B4A-11D0-8D11-00A0C91BC942}") = "Mandlebrot_SBNN", "Mandlebrot_SBNN\Mandlebrot_SBNN.vcxproj", "{719551B7-0087-48A8-AD17-E971B024891D}"
EndProject
Project("{8BC9CEB8-8B4A-11D0-8D11-00A0C91BC942}") = "MNIST_CNN", "MNIST_CNN\MNIST_CNN.vcxproj", "{CF185EA3-D4BD-4AA3-90A7-E4A49F5A2CF8}"
EndProject
Project("{8BC9CEB8-8B4A-11D0-8D11-00A0C91BC942}") = "FMNIST", "FMNIST\FMNIST.vcxproj", "{4763E90B-2938-419A-ACFD-839DFFD1C347}"
EndProject
Project("{8BC9CEB8-8B4A-11D0-8D11-00A0C91BC942}") = "FMNIST_SBNN", "FMNIST_SBNN\FMNIST_SBNN.vcxproj", "{69462A3F-1907-4089-AE5A-170DECA0AC9B}"
EndProject
Global
	GlobalSection(SolutionConfigurationPlatforms) = preSolution
		Debug|x64 = Debug|x64
		Debug|x86 = Debug|x86
		Release|x64 = Release|x64
		Release|x86 = Release|x86
	EndGlobalSection
	GlobalSection(ProjectConfigurationPlatforms) = postSolution
		{3B194636-E928-4A4E-B2C4-E3052ACB0B36}.Debug|x64.ActiveCfg = Debug|x64
		{3B194636-E928-4A4E-B2C4-E3052ACB0B36}.Debug|x64.Build.0 = Debug|x64
		{3B194636-E928-4A4E-B2C4-E3052ACB0B36}.Debug|x86.ActiveCfg = Debug|Win32
		{3B194636-E928-4A4E-B2C4-E3052ACB0B36}.Debug|x86.Build.0 = Debug|Win32
		{3B194636-E928-4A4E-B2C4-E3052ACB0B36}.Release|x64.ActiveCfg = Release|x64
		{3B194636-E928-4A4E-B2C4-E3052ACB0B36}.Release|x64.Build.0 = Release|x64
		{3B194636-E928-4A4E-B2C4-E3052ACB0B36}.Release|x86.ActiveCfg = Release|Win32
		{3B194636-E928-4A4E-B2C4-E3052ACB0B36}.Release|x86.Build.0 = Release|Win32
		{5479A9EA-56DD-474B-A1DE-E9C55E336233}.Debug|x64.ActiveCfg = Debug|x64
		{5479A9EA-56DD-474B-A1DE-E9C55E336233}.Debug|x64.Build.0 = Debug|x64
		{5479A9EA-56DD-474B-A1DE-E9C55E336233}.Debug|x86.ActiveCfg = Debug|Win32
		{5479A9EA-56DD-474B-A1DE-E9C55E336233}.Debug|x86.Build.0 = Debug|Win32
		{5479A9EA-56DD-474B-A1DE-E9C55E336233}.Release|x64.ActiveCfg = Release|x64
		{5479A9EA-56DD-474B-A1DE-E9C55E336233}.Release|x64.Build.0 = Release|x64
		{5479A9EA-56DD-474B-A1DE-E9C55E336233}.Release|x86.ActiveCfg = Release|Win32
		{5479A9EA-56DD-474B-A1DE-E9C55E336233}.Release|x86.Build.0 = Release|Win32
		{33A98C4F-675A-4DDA-8512-F8D41020BE10}.Debug|x64.ActiveCfg = Debug|x64
		{33A98C4F-675A-4DDA-8512-F8D41020BE10}.Debug|x64.Build.0 = Debug|x64
		{33A98C4F-675A-4DDA-8512-F8D41020BE10}.Debug|x86.ActiveCfg = Debug|Win32
		{33A98C4F-675A-4DDA-8512-F8D41020BE10}.Debug|x86.Build.0 = Debug|Win32
		{33A98C4F-675A-4DDA-8512-F8D41020BE10}.Release|x64.ActiveCfg = Release|x64
		{33A98C4F-675A-4DDA-8512-F8D41020BE10}.Release|x64.Build.0 = Release|x64
		{33A98C4F-675A-4DDA-8512-F8D41020BE10}.Release|x86.ActiveCfg = Release|Win32
		{33A98C4F-675A-4DDA-8512-F8D41020BE10}.Release|x86.Build.0 = Release|Win32
		{96532A78-D713-44EA-B85B-13319D7C748F}.Debug|x64.ActiveCfg = Debug|x64
		{96532A78-D713-44EA-B85B-13319D7C748F}.Debug|x64.Build.0 = Debug|x64
		{96532A78-D713-44EA-B85B-13319D7C748F}.Debug|x86.ActiveCfg = Debug|Win32
		{96532A78-D713-44EA-B85B-13319D7C748F}.Debug|x86.Build.0 = Debug|Win32
		{96532A78-D713-44EA-B85B-13319D7C748F}.Release|x64.ActiveCfg = Release|x64
		{96532A78-D713-44EA-B85B-13319D7C748F}.Release|x64.Build.0 = Release|x64
		{96532A78-D713-44EA-B85B-13319D7C748F}.Release|x86.ActiveCfg = Release|Win32
		{96532A78-D713-44EA-B85B-13319D7C748F}.Release|x86.Build.0 = Release|Win32
		{0E06E5BB-6514-45DF-93EB-6E69A7A542C8}.Debug|x64.ActiveCfg = Debug|x64
		{0E06E5BB-6514-45DF-93EB-6E69A7A542C8}.Debug|x64.Build.0 = Debug|x64
		{0E06E5BB-6514-45DF-93EB-6E69A7A542C8}.Debug|x86.ActiveCfg = Debug|Win32
		{0E06E5BB-6514-45DF-93EB-6E69A7A542C8}.Debug|x86.Build.0 = Debug|Win32
		{0E06E5BB-6514-45DF-93EB-6E69A7A542C8}.Release|x64.ActiveCfg = Release|x64
		{0E06E5BB-6514-45DF-93EB-6E69A7A542C8}.Release|x64.Build.0 = Release|x64
		{0E06E5BB-6514-45DF-93EB-6E69A7A542C8}.Release|x86.ActiveCfg = Release|Win32
		{0E06E5BB-6514-45DF-93EB-6E69A7A542C8}.Release|x86.Build.0 = Release|Win32
		{AFD9F24A-C8B8-4C1E-B5A9-DE93B26DCDCB}.Debug|x64.ActiveCfg = Debug|x64
		{AFD9F24A-C8B8-4C1E-B5A9-DE93B26DCDCB}.Debug|x64.Build.0 = Debug|x64
		{AFD9F24A-C8B8-4C1E-B5A9-DE93B26DCDCB}.Debug|x86.ActiveCfg = Debug|Win32
		{AFD9F24A-C8B8-4C1E-B5A9-DE93B26DCDCB}.Debug|x86.Build.0 = Debug|Win32
		{AFD9F24A-C8B8-4C1E-B5A9-DE93B26DCDCB}.Release|x64.ActiveCfg = Release|x64
		{AFD9F24A-C8B8-4C1E-B5A9-DE93B26DCDCB}.Release|x64.Build.0 = Release|x64
		{AFD9F24A-C8B8-4C1E-B5A9-DE93B26DCDCB}.Release|x86.ActiveCfg = Release|Win32
		{AFD9F24A-C8B8-4C1E-B5A9-DE93B26DCDCB}.Release|x86.Build.0 = Release|Win32
		{7FBAEBA5-961B-4469-B89C-7EF650403C21}.Debug|x64.ActiveCfg = Debug|x64
		{7FBAEBA5-961B-4469-B89C-7EF650403C21}.Debug|x64.Build.0 = Debug|x64
		{7FBAEBA5-961B-4469-B89C-7EF650403C21}.Debug|x86.ActiveCfg = Debug|Win32
		{7FBAEBA5-961B-4469-B89C-7EF650403C21}.Debug|x86.Build.0 = Debug|Win32
		{7FBAEBA5-961B-4469-B89C-7EF650403C21}.Release|x64.ActiveCfg = Release|x64
		{7FBAEBA5-961B-4469-B89C-7EF650403C21}.Release|x64.Build.0 = Release|x64
		{7FBAEBA5-961B-4469-B89C-7EF650403C21}.Release|x86.ActiveCfg = Release|Win32
		{7FBAEBA5-961B-4469-B89C-7EF650403C21}.Release|x86.Build.0 = Release|Win32
		{D3EB575E-E5B9-4628-9FCA-3CAA187F538B}.Debug|x64.ActiveCfg = Debug|x64
		{D3EB575E-E5B9-4628-9FCA-3CAA187F538B}.Debug|x64.Build.0 = Debug|x64
		{D3EB575E-E5B9-4628-9FCA-3CAA187F538B}.Debug|x86.ActiveCfg = Debug|Win32
		{D3EB575E-E5B9-4628-9FCA-3CAA187F538B}.Debug|x86.Build.0 = Debug|Win32
		{D3EB575E-E5B9-4628-9FCA-3CAA187F538B}.Release|x64.ActiveCfg = Release|x64
		{D3EB575E-E5B9-4628-9FCA-3CAA187F538B}.Release|x64.Build.0 = Release|x64
		{D3EB575E-E5B9-4628-9FCA-3CAA187F538B}.Release|x86.ActiveCfg = Release|Win32
		{D3EB575E-E5B9-4628-9FCA-3CAA187F538B}.Release|x86.Build.0 = Release|Win32
		{18182A69-FC68-415D-A7DD-7B8932F39BB4}.Debug|x64.ActiveCfg = Debug|x64
		{18182A69-FC68-415D-A7DD-7B8932F39BB4}.Debug|x64.Build.0 = Debug|x64
		{18182A69-FC68-415D-A7DD-7B8932F39BB4}.Debug|x86.ActiveCfg = Debug|Win32
		{18182A69-FC68-415D-A7DD-7B8932F39BB4}.Debug|x86.Build.0 = Debug|Win32
		{18182A69-FC68-415D-A7DD-7B8932F39BB4}.Release|x64.ActiveCfg = Release|x64
		{18182A69-FC68-415D-A7DD-7B8932F39BB4}.Release|x64.Build.0 = Release|x64
		{18182A69-FC68-415D-A7DD-7B8932F39BB4}.Release|x86.ActiveCfg = Release|Win32
		{18182A69-FC68-415D-A7DD-7B8932F39BB4}.Release|x86.Build.0 = Release|Win32
		{9277E1ED-CE7E-43E7-B3F6-6A6B545E96BD}.Debug|x64.ActiveCfg = Debug|x64
		{9277E1ED-CE7E-43E7-B3F6-6A6B545E96BD}.Debug|x64.Build.0 = Debug|x64
		{9277E1ED-CE7E-43E7-B3F6-6A6B545E96BD}.Debug|x86.ActiveCfg = Debug|Win32
		{9277E1ED-CE7E-43E7-B3F6-6A6B545E96BD}.Debug|x86.Build.0 = Debug|Win32
		{9277E1ED-CE7E-43E7-B3F6-6A6B545E96BD}.Release|x64.ActiveCfg = Release|x64
		{9277E1ED-CE7E-43E7-B3F6-6A6B545E96BD}.Release|x64.Build.0 = Release|x64
		{9277E1ED-CE7E-43E7-B3F6-6A6B545E96BD}.Release|x86.ActiveCfg = Release|Win32
		{9277E1ED-CE7E-43E7-B3F6-6A6B545E96BD}.Release|x86.Build.0 = Release|Win32
		{D48795A9-6196-4231-9A04-797AEB2AA172}.Debug|x64.ActiveCfg = Debug|x64
		{D48795A9-6196-4231-9A04-797AEB2AA172}.Debug|x64.Build.0 = Debug|x64
		{D48795A9-6196-4231-9A04-797AEB2AA172}.Debug|x86.ActiveCfg = Debug|Win32
		{D48795A9-6196-4231-9A04-797AEB2AA172}.Debug|x86.Build.0 = Debug|Win32
		{D48795A9-6196-4231-9A04-797AEB2AA172}.Release|x64.ActiveCfg = Release|x64
		{D48795A9-6196-4231-9A04-797AEB2AA172}.Release|x64.Build.0 = Release|x64
		{D48795A9-6196-4231-9A04-797AEB2AA172}.Release|x86.ActiveCfg = Release|Win32
		{D48795A9-6196-4231-9A04-797AEB2AA172}.Release|x86.Build.0 = Release|Win32
		{E65543DC-1190-4A7D-B67F-1CCAAA7340F1}.Debug|x64.ActiveCfg = Debug|x64
		{E65543DC-1190-4A7D-B67F-1CCAAA7340F1}.Debug|x64.Build.0 = Debug|x64
		{E65543DC-1190-4A7D-B67F-1CCAAA7340F1}.Debug|x86.ActiveCfg = Debug|Win32
		{E65543DC-1190-4A7D-B67F-1CCAAA7340F1}.Debug|x86.Build.0 = Debug|Win32
		{E65543DC-1190-4A7D-B67F-1CCAAA7340F1}.Release|x64.ActiveCfg = Release|x64
		{E65543DC-1190-4A7D-B67F-1CCAAA7340F1}.Release|x64.Build.0 = Release|x64
		{E65543DC-1190-4A7D-B67F-1CCAAA7340F1}.Release|x86.ActiveCfg = Release|Win32
		{E65543DC-1190-4A7D-B67F-1CCAAA7340F1}.Release|x86.Build.0 = Release|Win32
		{C226F974-5CCD-4CD9-BA26-44DE4EAC99A1}.Debug|x64.ActiveCfg = Debug|x64
		{C226F974-5CCD-4CD9-BA26-44DE4EAC99A1}.Debug|x64.Build.0 = Debug|x64
		{C226F974-5CCD-4CD9-BA26-44DE4EAC99A1}.Debug|x86.ActiveCfg = Debug|Win32
		{C226F974-5CCD-4CD9-BA26-44DE4EAC99A1}.Debug|x86.Build.0 = Debug|Win32
		{C226F974-5CCD-4CD9-BA26-44DE4EAC99A1}.Release|x64.ActiveCfg = Release|x64
		{C226F974-5CCD-4CD9-BA26-44DE4EAC99A1}.Release|x64.Build.0 = Release|x64
		{C226F974-5CCD-4CD9-BA26-44DE4EAC99A1}.Release|x86.ActiveCfg = Release|Win32
		{C226F974-5CCD-4CD9-BA26-44DE4EAC99A1}.Release|x86.Build.0 = Release|Win32
		{DE4C1B62-B58B-45FF-836B-3D7E3D014F82}.Debug|x64.ActiveCfg = Debug|x64
		{DE4C1B62-B58B-45FF-836B-3D7E3D014F82}.Debug|x64.Build.0 = Debug|x64
		{DE4C1B62-B58B-45FF-836B-3D7E3D014F82}.Debug|x86.ActiveCfg = Debug|Win32
		{DE4C1B62-B58B-45FF-836B-3D7E3D014F82}.Debug|x86.Build.0 = Debug|Win32
		{DE4C1B62-B58B-45FF-836B-3D7E3D014F82}.Release|x64.ActiveCfg = Release|x64
		{DE4C1B62-B58B-45FF-836B-3D7E3D014F82}.Release|x64.Build.0 = Release|x64
		{DE4C1B62-B58B-45FF-836B-3D7E3D014F82}.Release|x86.ActiveCfg = Release|Win32
		{DE4C1B62-B58B-45FF-836B-3D7E3D014F82}.Release|x86.Build.0 = Release|Win32
		{05EA3DB7-B79B-4D29-BE16-8DEA4A1077CB}.Debug|x64.ActiveCfg = Debug|x64
		{05EA3DB7-B79B-4D29-BE16-8DEA4A1077CB}.Debug|x64.Build.0 = Debug|x64
		{05EA3DB7-B79B-4D29-BE16-8DEA4A1077CB}.Debug|x86.ActiveCfg = Debug|Win32
		{05EA3DB7-B79B-4D29-BE16-8DEA4A1077CB}.Debug|x86.Build.0 = Debug|Win32
		{05EA3DB7-B79B-4D29-BE16-8DEA4A1077CB}.Release|x64.ActiveCfg = Release|x64
		{05EA3DB7-B79B-4D29-BE16-8DEA4A1077CB}.Release|x64.Build.0 = Release|x64
		{05EA3DB7-B79B-4D29-BE16-8DEA4A1077CB}.Release|x86.ActiveCfg = Release|Win32
		{05EA3DB7-B79B-4D29-BE16-8DEA4A1077CB}.Release|x86.Build.0 = Release|Win32
		{719551B7-0087-48A8-AD17-E971B024891D}.Debug|x64.ActiveCfg = Debug|x64
		{719551B7-0087-48A8-AD17-E971B024891D}.Debug|x64.Build.0 = Debug|x64
		{719551B7-0087-48A8-AD17-E971B024891D}.Debug|x86.ActiveCfg = Debug|Win32
		{719551B7-0087-48A8-AD17-E971B024891D}.Debug|x86.Build.0 = Debug|Win32
		{719551B7-0087-48A8-AD17-E971B024891D}.Release|x64.ActiveCfg = Release|x64
		{719551B7-0087-48A8-AD17-E971B024891D}.Release|x64.Build.0 = Release|x64
		{719551B7-0087-48A8-AD17-E971B024891D}.Release|x86.ActiveCfg = Release|Win32
		{719551B7-0087-48A8-AD17-E971B024891D}.Release|x86.Build.0 = Release|Win32
		{CF185EA3-D4BD-4AA3-90A7-E4A49F5A2CF8}.Debug|x64.ActiveCfg = Debug|x64
		{CF185EA3-D4BD-4AA3-90A7-E4A49F5A2CF8}.Debug|x64.Build.0 = Debug|x64
		{CF185EA3-D4BD-4AA3-90A7-E4A49F5A2CF8}.Debug|x86.ActiveCfg = Debug|Win32
		{CF185EA3-D4BD-4AA3-90A7-E4A49F5A2CF8}.Debug|x86.Build.0 = Debug|Win32
		{CF185EA3-D4BD-4AA3-90A7-E4A49F5A2CF8}.Release|x64.ActiveCfg = Release|x64
		{CF185EA3-D4BD-4AA3-90A7-E4A49F5A2CF8}.Release|x64.Build.0 = Release|x64
		{CF185EA3-D4BD-4AA3-90A7-E4A49F5A2CF8}.Release|x86.ActiveCfg = Release|Win32
		{CF185EA3-D4BD-4AA3-90A7-E4A49F5A2CF8}.Release|x86.Build.0 = Release|Win32
		{4763E90B-2938-419A-ACFD-839DFFD1C347}.Debug|x64.ActiveCfg = Debug|x64
		{4763E90B-2938-419A-ACFD-839DFFD1C347}.Debug|x64.Build.0 = Debug|x64
		{4763E90B-2938-419A-ACFD-839DFFD1C347}.Debug|x86.ActiveCfg = Debug|Win32
		{4763E90B-2938-419A-ACFD-839DFFD1C347}.Debug|x86.Build.0 = Debug|Win32
		{4763E90B-2938-419A-ACFD-839DFFD1C347}.Release|x64.ActiveCfg = Release|x64
		{4763E90B-2938-419A-ACFD-839DFFD1C347}.Release|x64.Build.0 = Release|x64
		{4763E90B-2938-419A-ACFD-839DFFD1C347}.Release|x86.ActiveCfg = Release|Win32
		{4763E90B-2938-419A-ACFD-839DFFD1C347}.Release|x86.Build.0 = Release|Win32
		{69462A3F-1907-4089-AE5A-170DECA0AC9B}.Debug|x64.ActiveCfg = Debug|x64
		{69462A3F-1907-4089-AE5A-170DECA0AC9B}.Debug|x64.Build.0 = Debug|x64
		{69462A3F-1907-4089-AE5A-170DECA0AC9B}.Debug|x86.ActiveCfg = Debug|Win32
		{69462A3F-1907-4089-AE5A-170DECA0AC9B}.Debug|x86.Build.0 = Debug|Win32
		{69462A3F-1907-4089-AE5A-170DECA0AC9B}.Release|x64.ActiveCfg = Release|x64
		{69462A3F-1907-4089-AE5A-170DECA0AC9B}.Release|x64.Build.0 = Release|x64
		{69462A3F-1907-4089-AE5A-170DECA0AC9B}.Release|x86.ActiveCfg = Release|Win32
		{69462A3F-1907-4089-AE5A-170DECA0AC9B}.Release|x86.Build.0 = Release|Win32
	EndGlobalSection
	GlobalSection(SolutionProperties) = preSolution
		HideSolutionNode = FALSE
	EndGlobalSection
	GlobalSection(ExtensibilityGlobals) = postSolution
		SolutionGuid = {0E30D0CC-5888-46BA-8E90-7062ECBB77E0}
	EndGlobalSection
EndGlobal
